
Microsoft Visual Studio Solution File, Format Version 12.00
# Visual Studio 14
VisualStudioVersion = 14.0.25420.1
MinimumVisualStudioVersion = 10.0.40219.1
Project("{2150E333-8FDC-42A3-9474-1A3956D46DE8}") = "src", "src", "{79C7F2C6-95C0-4A2D-9F38-5C15A72DDC9C}"
EndProject
Project("{2150E333-8FDC-42A3-9474-1A3956D46DE8}") = "Solution Items", "Solution Items", "{C7A22BB8-497F-464E-9070-0015E4E2236E}"
	ProjectSection(SolutionItems) = preProject
		global.json = global.json
		README.md = README.md
		todo.txt = todo.txt
	EndProjectSection
EndProject
Project("{8BB2217D-0F2D-49D1-97BC-3654ED321F3B}") = "CoPilot.ORM", "src\CoPilot.ORM\CoPilot.ORM.xproj", "{518E8021-D79E-4119-A5F5-5173EB0913F1}"
EndProject
Project("{2150E333-8FDC-42A3-9474-1A3956D46DE8}") = "test", "test", "{D5001A35-622A-4C80-8F1A-63442CEBE894}"
EndProject
Project("{FAE04EC0-301F-11D3-BF4B-00C04F79EFBC}") = "CoPilot.ORM.Tests", "test\CoPilot.ORM.Tests\CoPilot.ORM.Tests.csproj", "{C80C4019-929C-4D33-A532-136BAD10C7AF}"
	ProjectSection(ProjectDependencies) = postProject
		{7F002509-1583-4D92-BC74-59C3C2EC2437} = {7F002509-1583-4D92-BC74-59C3C2EC2437}
		{518E8021-D79E-4119-A5F5-5173EB0913F1} = {518E8021-D79E-4119-A5F5-5173EB0913F1}
	EndProjectSection
EndProject
Project("{FAE04EC0-301F-11D3-BF4B-00C04F79EFBC}") = "CoPilot.ORM.IntegrationTests", "test\CoPilot.ORM.IntegrationTests\CoPilot.ORM.IntegrationTests.csproj", "{9CA569AC-157A-4AB0-9C3E-7CA92595A7FE}"
	ProjectSection(ProjectDependencies) = postProject
		{7F002509-1583-4D92-BC74-59C3C2EC2437} = {7F002509-1583-4D92-BC74-59C3C2EC2437}
		{518E8021-D79E-4119-A5F5-5173EB0913F1} = {518E8021-D79E-4119-A5F5-5173EB0913F1}
		{AC869B95-E043-438E-A50A-16BF419ED0BF} = {AC869B95-E043-438E-A50A-16BF419ED0BF}
		{A4DE94FA-38E6-4556-AB6B-4D6ED654D701} = {A4DE94FA-38E6-4556-AB6B-4D6ED654D701}
	EndProjectSection
EndProject
Project("{FAE04EC0-301F-11D3-BF4B-00C04F79EFBC}") = "CoPilot.ORM.IntegrationTests.MySql", "test\CoPilot.ORM.IntegrationTests.MySql\CoPilot.ORM.IntegrationTests.MySql.csproj", "{318B895D-D957-4F06-BCAE-8F856CA9E1D1}"
	ProjectSection(ProjectDependencies) = postProject
		{518E8021-D79E-4119-A5F5-5173EB0913F1} = {518E8021-D79E-4119-A5F5-5173EB0913F1}
		{A4DE94FA-38E6-4556-AB6B-4D6ED654D701} = {A4DE94FA-38E6-4556-AB6B-4D6ED654D701}
	EndProjectSection
EndProject
Project("{8BB2217D-0F2D-49D1-97BC-3654ED321F3B}") = "CoPilot.ORM.MySql", "src\CoPilot.ORM.MySql\CoPilot.ORM.MySql.xproj", "{A4DE94FA-38E6-4556-AB6B-4D6ED654D701}"
EndProject
Project("{8BB2217D-0F2D-49D1-97BC-3654ED321F3B}") = "CoPilot.ORM.SqlServer", "src\CoPilot.ORM.SqlServer\CoPilot.ORM.SqlServer.xproj", "{7F002509-1583-4D92-BC74-59C3C2EC2437}"
EndProject
Project("{8BB2217D-0F2D-49D1-97BC-3654ED321F3B}") = "CoPilot.ORM.PostgreSql", "src\CoPilot.ORM.PostgreSql\CoPilot.ORM.PostgreSql.xproj", "{AC869B95-E043-438E-A50A-16BF419ED0BF}"
EndProject
Global
	GlobalSection(SolutionConfigurationPlatforms) = preSolution
		Debug|Any CPU = Debug|Any CPU
		Release|Any CPU = Release|Any CPU
	EndGlobalSection
	GlobalSection(ProjectConfigurationPlatforms) = postSolution
		{518E8021-D79E-4119-A5F5-5173EB0913F1}.Debug|Any CPU.ActiveCfg = Debug|Any CPU
		{518E8021-D79E-4119-A5F5-5173EB0913F1}.Debug|Any CPU.Build.0 = Debug|Any CPU
		{518E8021-D79E-4119-A5F5-5173EB0913F1}.Release|Any CPU.ActiveCfg = Release|Any CPU
		{518E8021-D79E-4119-A5F5-5173EB0913F1}.Release|Any CPU.Build.0 = Release|Any CPU
		{C80C4019-929C-4D33-A532-136BAD10C7AF}.Debug|Any CPU.ActiveCfg = Debug|Any CPU
		{C80C4019-929C-4D33-A532-136BAD10C7AF}.Debug|Any CPU.Build.0 = Debug|Any CPU
		{C80C4019-929C-4D33-A532-136BAD10C7AF}.Release|Any CPU.ActiveCfg = Release|Any CPU
		{C80C4019-929C-4D33-A532-136BAD10C7AF}.Release|Any CPU.Build.0 = Release|Any CPU
		{9CA569AC-157A-4AB0-9C3E-7CA92595A7FE}.Debug|Any CPU.ActiveCfg = Debug|Any CPU
		{9CA569AC-157A-4AB0-9C3E-7CA92595A7FE}.Debug|Any CPU.Build.0 = Debug|Any CPU
		{9CA569AC-157A-4AB0-9C3E-7CA92595A7FE}.Release|Any CPU.ActiveCfg = Release|Any CPU
		{9CA569AC-157A-4AB0-9C3E-7CA92595A7FE}.Release|Any CPU.Build.0 = Release|Any CPU
		{318B895D-D957-4F06-BCAE-8F856CA9E1D1}.Debug|Any CPU.ActiveCfg = Debug|Any CPU
		{318B895D-D957-4F06-BCAE-8F856CA9E1D1}.Debug|Any CPU.Build.0 = Debug|Any CPU
		{318B895D-D957-4F06-BCAE-8F856CA9E1D1}.Release|Any CPU.ActiveCfg = Release|Any CPU
		{318B895D-D957-4F06-BCAE-8F856CA9E1D1}.Release|Any CPU.Build.0 = Release|Any CPU
		{A4DE94FA-38E6-4556-AB6B-4D6ED654D701}.Debug|Any CPU.ActiveCfg = Debug|Any CPU
		{A4DE94FA-38E6-4556-AB6B-4D6ED654D701}.Debug|Any CPU.Build.0 = Debug|Any CPU
		{A4DE94FA-38E6-4556-AB6B-4D6ED654D701}.Release|Any CPU.ActiveCfg = Release|Any CPU
		{A4DE94FA-38E6-4556-AB6B-4D6ED654D701}.Release|Any CPU.Build.0 = Release|Any CPU
		{7F002509-1583-4D92-BC74-59C3C2EC2437}.Debug|Any CPU.ActiveCfg = Debug|Any CPU
		{7F002509-1583-4D92-BC74-59C3C2EC2437}.Debug|Any CPU.Build.0 = Debug|Any CPU
		{7F002509-1583-4D92-BC74-59C3C2EC2437}.Release|Any CPU.ActiveCfg = Release|Any CPU
		{7F002509-1583-4D92-BC74-59C3C2EC2437}.Release|Any CPU.Build.0 = Release|Any CPU
		{AC869B95-E043-438E-A50A-16BF419ED0BF}.Debug|Any CPU.ActiveCfg = Debug|Any CPU
		{AC869B95-E043-438E-A50A-16BF419ED0BF}.Debug|Any CPU.Build.0 = Debug|Any CPU
		{AC869B95-E043-438E-A50A-16BF419ED0BF}.Release|Any CPU.ActiveCfg = Release|Any CPU
		{AC869B95-E043-438E-A50A-16BF419ED0BF}.Release|Any CPU.Build.0 = Release|Any CPU
	EndGlobalSection
	GlobalSection(SolutionProperties) = preSolution
		HideSolutionNode = FALSE
	EndGlobalSection
	GlobalSection(NestedProjects) = preSolution
		{518E8021-D79E-4119-A5F5-5173EB0913F1} = {79C7F2C6-95C0-4A2D-9F38-5C15A72DDC9C}
		{C80C4019-929C-4D33-A532-136BAD10C7AF} = {D5001A35-622A-4C80-8F1A-63442CEBE894}
		{9CA569AC-157A-4AB0-9C3E-7CA92595A7FE} = {D5001A35-622A-4C80-8F1A-63442CEBE894}
		{318B895D-D957-4F06-BCAE-8F856CA9E1D1} = {D5001A35-622A-4C80-8F1A-63442CEBE894}
		{A4DE94FA-38E6-4556-AB6B-4D6ED654D701} = {79C7F2C6-95C0-4A2D-9F38-5C15A72DDC9C}
		{7F002509-1583-4D92-BC74-59C3C2EC2437} = {79C7F2C6-95C0-4A2D-9F38-5C15A72DDC9C}
		{AC869B95-E043-438E-A50A-16BF419ED0BF} = {79C7F2C6-95C0-4A2D-9F38-5C15A72DDC9C}
	EndGlobalSection
EndGlobal
